<?xml version="1.0" encoding="utf-8"?>
<Project ToolsVersion="4.0" xmlns:atg="http://atg.xbox.com" xmlns="http://schemas.microsoft.com/developer/msbuild/2003">
  <ItemGroup>
    <Filter Include="Resource Files">
      <UniqueIdentifier>{8e114980-c1a3-4ada-ad7c-83caadf5daeb}</UniqueIdentifier>
      <Extensions>rc;ico;cur;bmp;dlg;rc2;rct;bin;rgs;gif;jpg;jpeg;jpe</Extensions>
    </Filter>
    <Filter Include="DXUT">
      <UniqueIdentifier>{a43c5c25-0e86-4a20-b64a-883785ff74fd}</UniqueIdentifier>
    </Filter>
    <Filter Include="Shaders">
      <UniqueIdentifier>{2c3d4c8c-5d1a-459a-a05a-a4e4b608a44e}</UniqueIdentifier>
      <Extensions>fx;fxh;hlsl</Extensions>
    </Filter>
    <Filter Include="Manager">
      <UniqueIdentifier>{4bf39ed9-f993-498b-8283-64ef09a27110}</UniqueIdentifier>
    </Filter>
    <Filter Include="Scene">
      <UniqueIdentifier>{1ca839f4-71c6-409b-9fed-9b89305f719d}</UniqueIdentifier>
    </Filter>
    <Filter Include="Object">
      <UniqueIdentifier>{3e77d7d6-0af3-4344-a013-12a75923d964}</UniqueIdentifier>
    </Filter>
    <Filter Include="Main">
      <UniqueIdentifier>{65ba7eef-6708-4e1a-806e-befd1ddc22b0}</UniqueIdentifier>
    </Filter>
    <Filter Include="Manager\Camera">
      <UniqueIdentifier>{322a0a27-98d1-4f60-b33f-ece7754c88a3}</UniqueIdentifier>
    </Filter>
    <Filter Include="Manager\Render">
      <UniqueIdentifier>{ceb800f6-23a1-48fb-9d10-7b59e3a890b2}</UniqueIdentifier>
    </Filter>
    <Filter Include="Manager\Scene">
      <UniqueIdentifier>{4fd0bd8e-f84e-4db5-bb4d-fc059bf18f1f}</UniqueIdentifier>
    </Filter>
    <Filter Include="Manager\Object">
      <UniqueIdentifier>{d8760bbf-c954-4097-9902-05aba7955137}</UniqueIdentifier>
    </Filter>
    <Filter Include="Manager\Collider">
      <UniqueIdentifier>{6c7f25d4-7bfe-475d-a704-a02f14d0a6ae}</UniqueIdentifier>
    </Filter>
    <Filter Include="Manager\Game">
      <UniqueIdentifier>{1a63ece2-03d4-42d5-9a1a-536ba3a0b380}</UniqueIdentifier>
    </Filter>
    <Filter Include="Scene\InGame">
      <UniqueIdentifier>{49fbb4fb-7c0f-402a-93c3-1ede23a60a5d}</UniqueIdentifier>
    </Filter>
  </ItemGroup>
  <ItemGroup>
    <None Include="DXUT\Optional\directx.ico">
      <Filter>Resource Files</Filter>
    </None>
    <ClInclude Include="DXUT\Core\DXUT.h">
      <Filter>DXUT</Filter>
    </ClInclude>
    <ClInclude Include="DXUT\Core\DXUTenum.h">
      <Filter>DXUT</Filter>
    </ClInclude>
    <ClInclude Include="DXUT\Core\DXUTmisc.h">
      <Filter>DXUT</Filter>
    </ClInclude>
    <ClCompile Include="DXUT\Core\DXUT.cpp">
      <Filter>DXUT</Filter>
    </ClCompile>
    <ClCompile Include="DXUT\Core\DXUTenum.cpp">
      <Filter>DXUT</Filter>
    </ClCompile>
    <ClCompile Include="DXUT\Core\DXUTmisc.cpp">
      <Filter>DXUT</Filter>
    </ClCompile>
    <ClInclude Include="DXUT\Optional\DXUTcamera.h">
      <Filter>DXUT</Filter>
    </ClInclude>
    <ClInclude Include="DXUT\Optional\DXUTgui.h">
      <Filter>DXUT</Filter>
    </ClInclude>
    <ClInclude Include="DXUT\Optional\DXUTres.h">
      <Filter>DXUT</Filter>
    </ClInclude>
    <ClInclude Include="DXUT\Optional\DXUTsettingsdlg.h">
      <Filter>DXUT</Filter>
    </ClInclude>
    <ClInclude Include="DXUT\Optional\SDKmesh.h">
      <Filter>DXUT</Filter>
    </ClInclude>
    <ClInclude Include="DXUT\Optional\SDKmisc.h">
      <Filter>DXUT</Filter>
    </ClInclude>
    <ClCompile Include="DXUT\Optional\DXUTcamera.cpp">
      <Filter>DXUT</Filter>
    </ClCompile>
    <ClCompile Include="DXUT\Optional\DXUTgui.cpp">
      <Filter>DXUT</Filter>
    </ClCompile>
    <ClCompile Include="DXUT\Optional\DXUTres.cpp">
      <Filter>DXUT</Filter>
    </ClCompile>
    <ClCompile Include="DXUT\Optional\DXUTsettingsdlg.cpp">
      <Filter>DXUT</Filter>
    </ClCompile>
    <ClCompile Include="DXUT\Optional\SDKmesh.cpp">
      <Filter>DXUT</Filter>
    </ClCompile>
    <ClCompile Include="DXUT\Optional\SDKmisc.cpp">
      <Filter>DXUT</Filter>
    </ClCompile>
  </ItemGroup>
  <ItemGroup>
    <ClCompile Include="day1_3.cpp" />
    <ClCompile Include="cMain.cpp">
      <Filter>Main</Filter>
    </ClCompile>
    <ClCompile Include="cCameraManager.cpp">
      <Filter>Manager\Camera</Filter>
    </ClCompile>
    <ClCompile Include="cRenderManager.cpp">
      <Filter>Manager\Render</Filter>
    </ClCompile>
    <ClCompile Include="cObject.cpp">
      <Filter>Manager\Object</Filter>
    </ClCompile>
    <ClCompile Include="cScene.cpp">
      <Filter>Manager\Scene</Filter>
    </ClCompile>
    <ClCompile Include="cCollider.cpp">
      <Filter>Manager\Collider</Filter>
    </ClCompile>
    <ClCompile Include="cColliderManager.cpp">
      <Filter>Manager\Collider</Filter>
    </ClCompile>
    <ClCompile Include="cObjectManager.cpp">
      <Filter>Manager\Object</Filter>
    </ClCompile>
    <ClCompile Include="cGameManager.cpp">
      <Filter>Manager\Game</Filter>
    </ClCompile>
    <ClCompile Include="cInGame.cpp">
      <Filter>Scene\InGame</Filter>
    </ClCompile>
    <ClCompile Include="cSceneManager.cpp">
      <Filter>Manager\Scene</Filter>
    </ClCompile>
  </ItemGroup>
  <ItemGroup>
    <ClInclude Include="stdafx.h" />
    <ClInclude Include="cMain.h">
      <Filter>Main</Filter>
    </ClInclude>
    <ClInclude Include="singleton.h">
      <Filter>Manager</Filter>
    </ClInclude>
    <ClInclude Include="cCameraManager.h">
      <Filter>Manager\Camera</Filter>
    </ClInclude>
    <ClInclude Include="cRenderManager.h">
      <Filter>Manager\Render</Filter>
    </ClInclude>
    <ClInclude Include="cObject.h">
      <Filter>Manager\Object</Filter>
    </ClInclude>
    <ClInclude Include="cScene.h">
      <Filter>Manager\Scene</Filter>
    </ClInclude>
    <ClInclude Include="cCollider.h">
      <Filter>Manager\Collider</Filter>
    </ClInclude>
    <ClInclude Include="cColliderManager.h">
      <Filter>Manager\Collider</Filter>
    </ClInclude>
    <ClInclude Include="cObjectManager.h">
      <Filter>Manager\Object</Filter>
    </ClInclude>
    <ClInclude Include="cGameManager.h">
      <Filter>Manager\Game</Filter>
    </ClInclude>
    <ClInclude Include="cInGame.h">
      <Filter>Scene\InGame</Filter>
    </ClInclude>
    <ClInclude Include="cSceneManager.h">
      <Filter>Manager\Scene</Filter>
    </ClInclude>
  </ItemGroup>
  <ItemGroup>
    <CLInclude Include="resource.h">
      <Filter>Resource Files</Filter>
    </CLInclude>
    <ResourceCompile Include="day1_3.rc">
      <Filter>Resource Files</Filter>
    </ResourceCompile>
  </ItemGroup>
  <ItemGroup>
  </ItemGroup>
</Project>